{
  "version": 4,
  "terraform_version": "0.12.25",
  "serial": 13,
  "lineage": "1ca239fb-d1ba-ce65-5c5d-39fb29282002",
  "outputs": {
    "kubernetes_cluster_name": {
      "value": "open-shift-278203-gke",
      "type": "string"
    },
    "region": {
      "value": "us-central1",
      "type": "string"
    }
  },
  "resources": [
    {
      "mode": "managed",
      "type": "google_compute_network",
      "name": "vpc",
      "provider": "provider.google",
      "instances": [
        {
          "schema_version": 0,
          "attributes": {
            "auto_create_subnetworks": false,
            "delete_default_routes_on_create": false,
            "description": "",
            "gateway_ipv4": "",
            "id": "projects/open-shift-278203/global/networks/open-shift-278203-vpc",
            "ipv4_range": null,
            "name": "open-shift-278203-vpc",
            "project": "open-shift-278203",
            "routing_mode": "REGIONAL",
            "self_link": "https://www.googleapis.com/compute/v1/projects/open-shift-278203/global/networks/open-shift-278203-vpc",
            "timeouts": null
          },
          "private": "eyJlMmJmYjczMC1lY2FhLTExZTYtOGY4OC0zNDM2M2JjN2M0YzAiOnsiY3JlYXRlIjoyNDAwMDAwMDAwMDAsImRlbGV0ZSI6MjQwMDAwMDAwMDAwLCJ1cGRhdGUiOjI0MDAwMDAwMDAwMH19"
        }
      ]
    },
    {
      "mode": "managed",
      "type": "google_compute_subnetwork",
      "name": "subnet",
      "provider": "provider.google",
      "instances": [
        {
          "schema_version": 0,
          "attributes": {
            "creation_timestamp": "2020-05-24T18:53:19.138-07:00",
            "description": "",
            "enable_flow_logs": null,
            "fingerprint": null,
            "gateway_address": "10.10.0.1",
            "id": "projects/open-shift-278203/regions/us-central1/subnetworks/open-shift-278203-subnet",
            "ip_cidr_range": "10.10.0.0/24",
            "log_config": [],
            "name": "open-shift-278203-subnet",
            "network": "https://www.googleapis.com/compute/v1/projects/open-shift-278203/global/networks/open-shift-278203-vpc",
            "private_ip_google_access": false,
            "project": "open-shift-278203",
            "region": "us-central1",
            "secondary_ip_range": [],
            "self_link": "https://www.googleapis.com/compute/v1/projects/open-shift-278203/regions/us-central1/subnetworks/open-shift-278203-subnet",
            "timeouts": null
          },
          "private": "eyJlMmJmYjczMC1lY2FhLTExZTYtOGY4OC0zNDM2M2JjN2M0YzAiOnsiY3JlYXRlIjozNjAwMDAwMDAwMDAsImRlbGV0ZSI6MzYwMDAwMDAwMDAwLCJ1cGRhdGUiOjM2MDAwMDAwMDAwMH19",
          "dependencies": [
            "google_compute_network.vpc"
          ]
        }
      ]
    },
    {
      "mode": "managed",
      "type": "google_container_cluster",
      "name": "primary",
      "provider": "provider.google",
      "instances": [
        {
          "schema_version": 1,
          "attributes": {
            "additional_zones": [],
            "addons_config": [
              {
                "cloudrun_config": [],
                "horizontal_pod_autoscaling": [],
                "http_load_balancing": [],
                "kubernetes_dashboard": [],
                "network_policy_config": [
                  {
                    "disabled": true
                  }
                ]
              }
            ],
            "authenticator_groups_config": [],
            "cluster_autoscaling": [
              {
                "auto_provisioning_defaults": [],
                "enabled": false,
                "resource_limits": []
              }
            ],
            "cluster_ipv4_cidr": "10.12.0.0/14",
            "default_max_pods_per_node": 110,
            "description": "",
            "enable_binary_authorization": false,
            "enable_intranode_visibility": null,
            "enable_kubernetes_alpha": false,
            "enable_legacy_abac": false,
            "enable_shielded_nodes": false,
            "enable_tpu": null,
            "endpoint": "34.71.65.200",
            "id": "projects/open-shift-278203/locations/us-central1/clusters/open-shift-278203-gke",
            "initial_node_count": 1,
            "instance_group_urls": [],
            "ip_allocation_policy": [],
            "label_fingerprint": "a9dc16a7",
            "location": "us-central1",
            "logging_service": "logging.googleapis.com/kubernetes",
            "maintenance_policy": [],
            "master_auth": [
              {
                "client_certificate": "",
                "client_certificate_config": [
                  {
                    "issue_client_certificate": false
                  }
                ],
                "client_key": "",
                "cluster_ca_certificate": "LS0tLS1CRUdJTiBDRVJUSUZJQ0FURS0tLS0tCk1JSURDekNDQWZPZ0F3SUJBZ0lRWitPdlY1OEd1M1ZmUnZrc01oMVM4ekFOQmdrcWhraUc5dzBCQVFzRkFEQXYKTVMwd0t3WURWUVFERXlRMlpqVTBPRGRpWVMxbU5UVmhMVFJsT1RjdE9UVXlZeTFtT1daaVkyRmhOekV3TWpNdwpIaGNOTWpBd05USTFNREExTXpReVdoY05NalV3TlRJME1ERTFNelF5V2pBdk1TMHdLd1lEVlFRREV5UTJaalUwCk9EZGlZUzFtTlRWaExUUmxPVGN0T1RVeVl5MW1PV1ppWTJGaE56RXdNak13Z2dFaU1BMEdDU3FHU0liM0RRRUIKQVFVQUE0SUJEd0F3Z2dFS0FvSUJBUUMwNHByK0JtRTYrKzd1NjJlaWpWa09zdGVuNU1jZXB0WnZURnE4aXZOTwpZZUlxU1MwdTJvTWVoRjVwYUhTOE9qTkVVaTJXT2Z4ckFwbVg5N2NYbVVrZVNvcS9rRXJ0VDZsWDNFZzVDVThXClJ5em1hZTFYelNweHB3ZWpoL2k2a2RHUklKTWc2ZHRMaHk3Ry9BTVBSTXVSaWdEUk94MldyVm5abXFqc1hKNkIKRFJGR2lWbjBVRFRNRG9xTmpNd0dtRVMzOWt0d295S2Q1azB1L2lKQzMzWElVQ1RSdnVoVmt6T3VvdjU3eFgzLwpneEJDa25KQytxRFFQTXI2MkhZaE0xSWZLSGpzR2hqcVZOODlOTzJ1SmdtS3BnTDVVbDVSWUZsN1BGU2J0STQ1CmlQZVBkZnRBUFZab3RYdjdUQmxkTVJRckpUVzE2UXNtVm9VMjNBenpWeHduQWdNQkFBR2pJekFoTUE0R0ExVWQKRHdFQi93UUVBd0lDQkRBUEJnTlZIUk1CQWY4RUJUQURBUUgvTUEwR0NTcUdTSWIzRFFFQkN3VUFBNElCQVFCTwpTUXdZU3UxVGxVKzVhVEZMdm54b20rMEFiRE5LaUZObWJEN0doczVPVjBCVzVUTFpFbEt2VmtPM1NQWlV1NmFFCkM3SDZFUHk4dVNJbjhMZlQrS3Bmd3pnTm5CL0Vic2w1Y0s2UnVyS0xhL251RnVHWG5POFZBL09RUHE0bzNYMGQKNUNkNlJSb01BQXhqMXRsTHBZK2drM2tSRjBaeS9MelZwUk1jOEgranZpc0lOMHZBSThBUFVZdytEOHZoQ280LwpHTkNyOXVRa01HV3ZFc0Rld2xFMWRTZHc5VVYraXVnOHhUZkRaenFuV3N3Y0wzOFZJSmpzTFF0VHJmbVlnNmE3CmpMZDdZaU9ERDdha0xpcE0wdTZjYUtzOFd0YVZmbDluTjhDc0dkYldKY2ZaWFBma2RLM0pZL1JpOXJQd1lRTXUKQVM4Mm45dGswQkxlN3IxMmRWN0gKLS0tLS1FTkQgQ0VSVElGSUNBVEUtLS0tLQo=",
                "password": "",
                "username": ""
              }
            ],
            "master_authorized_networks_config": [],
            "master_version": "1.14.10-gke.36",
            "min_master_version": null,
            "monitoring_service": "monitoring.googleapis.com/kubernetes",
            "name": "open-shift-278203-gke",
            "network": "projects/open-shift-278203/global/networks/open-shift-278203-vpc",
            "network_policy": [
              {
                "enabled": false,
                "provider": "PROVIDER_UNSPECIFIED"
              }
            ],
            "node_config": [],
            "node_locations": [
              "us-central1-a",
              "us-central1-b",
              "us-central1-c"
            ],
            "node_pool": [],
            "node_version": "1.14.10-gke.36",
            "operation": null,
            "pod_security_policy_config": null,
            "private_cluster_config": [],
            "project": "open-shift-278203",
            "region": null,
            "remove_default_node_pool": true,
            "resource_labels": null,
            "resource_usage_export_config": [],
            "services_ipv4_cidr": "10.15.240.0/20",
            "subnetwork": "projects/open-shift-278203/regions/us-central1/subnetworks/open-shift-278203-subnet",
            "timeouts": null,
            "vertical_pod_autoscaling": [],
            "zone": null
          },
          "private": "eyJlMmJmYjczMC1lY2FhLTExZTYtOGY4OC0zNDM2M2JjN2M0YzAiOnsiY3JlYXRlIjoyNDAwMDAwMDAwMDAwLCJkZWxldGUiOjI0MDAwMDAwMDAwMDAsInJlYWQiOjI0MDAwMDAwMDAwMDAsInVwZGF0ZSI6MzYwMDAwMDAwMDAwMH0sInNjaGVtYV92ZXJzaW9uIjoiMSJ9",
          "dependencies": [
            "google_compute_network.vpc",
            "google_compute_subnetwork.subnet"
          ]
        }
      ]
    },
    {
      "mode": "managed",
      "type": "google_container_node_pool",
      "name": "primary_nodes",
      "provider": "provider.google",
      "instances": [
        {
          "schema_version": 1,
          "attributes": {
            "autoscaling": [],
            "cluster": "open-shift-278203-gke",
            "id": "projects/open-shift-278203/locations/us-central1/clusters/open-shift-278203-gke/nodePools/open-shift-278203-gke-node-pool",
            "initial_node_count": 1,
            "instance_group_urls": [
              "https://www.googleapis.com/compute/v1/projects/open-shift-278203/zones/us-central1-c/instanceGroupManagers/gke-open-shift-27820-open-shift-27820-a431338f-grp",
              "https://www.googleapis.com/compute/v1/projects/open-shift-278203/zones/us-central1-a/instanceGroupManagers/gke-open-shift-27820-open-shift-27820-80f40b85-grp",
              "https://www.googleapis.com/compute/v1/projects/open-shift-278203/zones/us-central1-b/instanceGroupManagers/gke-open-shift-27820-open-shift-27820-160a68e2-grp"
            ],
            "location": "us-central1",
            "management": [
              {
                "auto_repair": false,
                "auto_upgrade": true
              }
            ],
            "max_pods_per_node": null,
            "name": "open-shift-278203-gke-node-pool",
            "name_prefix": "",
            "node_config": [
              {
                "disk_size_gb": 100,
                "disk_type": "pd-standard",
                "guest_accelerator": [],
                "image_type": "COS",
                "labels": {
                  "env": "open-shift-278203"
                },
                "local_ssd_count": 0,
                "machine_type": "n1-standard-1",
                "metadata": {
                  "disable-legacy-endpoints": "true"
                },
                "min_cpu_platform": "",
                "oauth_scopes": [
                  "https://www.googleapis.com/auth/logging.write",
                  "https://www.googleapis.com/auth/monitoring"
                ],
                "preemptible": false,
                "sandbox_config": [],
                "service_account": "default",
                "shielded_instance_config": [
                  {
                    "enable_integrity_monitoring": true,
                    "enable_secure_boot": false
                  }
                ],
                "tags": [
                  "gke-node",
                  "open-shift-278203-gke"
                ],
                "taint": [],
                "workload_metadata_config": []
              }
            ],
            "node_count": 1,
            "node_locations": [
              "us-central1-a",
              "us-central1-b",
              "us-central1-c"
            ],
            "project": "open-shift-278203",
            "region": null,
            "timeouts": null,
            "upgrade_settings": [
              {
                "max_surge": 1,
                "max_unavailable": 0
              }
            ],
            "version": "1.14.10-gke.36",
            "zone": null
          },
          "private": "eyJlMmJmYjczMC1lY2FhLTExZTYtOGY4OC0zNDM2M2JjN2M0YzAiOnsiY3JlYXRlIjoxODAwMDAwMDAwMDAwLCJkZWxldGUiOjE4MDAwMDAwMDAwMDAsInVwZGF0ZSI6MTgwMDAwMDAwMDAwMH0sInNjaGVtYV92ZXJzaW9uIjoiMSJ9",
          "dependencies": [
            "google_compute_network.vpc",
            "google_compute_subnetwork.subnet",
            "google_container_cluster.primary"
          ]
        }
      ]
    }
  ]
}
